codeberg.org/go-pdf/fpdf v0.11.1 h1:U8+coOTDVLxHIXZgGvkfQEi/q0hYHYvEHFuGNX2GzGs=
codeberg.org/go-pdf/fpdf v0.11.1/go.mod h1:Y0DGRAdZ0OmnZPvjbMp/1bYxmIPxm0ws4tfoPOc4LjU=
github.com/gorilla/mux v1.8.1 h1:TuBL49tXwgrFYWhqrNgrUNEY92u81SPhu7sTdzQEiWY=
github.com/gorilla/mux v1.8.1/go.mod h1:AKf9I4AEqPTmMytcMc0KkNouC66V3BtZ4qD5fmWSiMQ=
